
Microsoft Visual Studio Solution File, Format Version 12.00
# Visual Studio Version 17
VisualStudioVersion = 17.0.32602.201
MinimumVisualStudioVersion = 10.0.40219.1
Project("{FAE04EC0-301F-11D3-BF4B-00C04F79EFBC}") = "CityInfo.API", "CityInfo.API\CityInfo.API.csproj", "{51F98E29-B74B-47A3-B7BD-7BBF897D9380}"
EndProject
Global
	GlobalSection(SolutionConfigurationPlatforms) = preSolution
		Debug|Any CPU = Debug|Any CPU
		Release|Any CPU = Release|Any CPU
	EndGlobalSection
	GlobalSection(ProjectConfigurationPlatforms) = postSolution
		{51F98E29-B74B-47A3-B7BD-7BBF897D9380}.Debug|Any CPU.ActiveCfg = Debug|Any CPU
		{51F98E29-B74B-47A3-B7BD-7BBF897D9380}.Debug|Any CPU.Build.0 = Debug|Any CPU
		{51F98E29-B74B-47A3-B7BD-7BBF897D9380}.Release|Any CPU.ActiveCfg = Release|Any CPU
		{51F98E29-B74B-47A3-B7BD-7BBF897D9380}.Release|Any CPU.Build.0 = Release|Any CPU
	EndGlobalSection
	GlobalSection(SolutionProperties) = preSolution
		HideSolutionNode = FALSE
	EndGlobalSection
	GlobalSection(ExtensibilityGlobals) = postSolution
		SolutionGuid = {343D481C-ECF7-4B19-AD2B-91DC6DEA3218}
	EndGlobalSection
EndGlobal
